schema: '2.0'
stages:
  evaluate_model:
    cmd: python stages/evaluate_model.py
    deps:
    - path: ../data/final/test/shots.parquet
      hash: md5
      md5: ceb608e4ee50a057f9b6fd21453e7705
      size: 954454
    - path: ../data/final/train/shots.parquet
      hash: md5
      md5: 8d597782ac7ac32696b3617ae58dec9f
      size: 7835869
    - path: stages/evaluate_model.py
      hash: md5
      md5: f1ec6860ede75532fe1d8ae43862ffc0
      size: 10155
    params:
      params.yaml:
        evaluate_model:
          model_type: MLPClassifier
    outs:
    - path: results/evaluate_model
      hash: md5
      md5: 2956be01ec2bfbdaef03be7c1794dd45.dir
      size: 335029
      nfiles: 14
