schema: '2.0'
stages:
  evaluate_model:
    cmd: python stages/evaluate_model.py
    deps:
    - path: ../data/final/test/shots.parquet
      hash: md5
      md5: b0c5891cdf9670cbe7e2c5835ccbe6e4
      size: 1682878
    - path: ../data/final/train/shots.parquet
      hash: md5
      md5: b830747e6b2eb29a053b0414c23f92c3
      size: 13356139
    - path: stages/evaluate_model.py
      hash: md5
      md5: f1ec6860ede75532fe1d8ae43862ffc0
      size: 10155
    params:
      params.yaml:
        evaluate_model:
          model_type: MLPClassifier
    outs:
    - path: results/evaluate_model
      hash: md5
      md5: 2956be01ec2bfbdaef03be7c1794dd45.dir
      size: 335029
      nfiles: 14
