schema: '2.0'
stages:
  evaluate_model:
    cmd: python stages/evaluate_model.py
    deps:
    - path: ../data/final/test/shots.parquet
      hash: md5
      md5: ceb608e4ee50a057f9b6fd21453e7705
      size: 954454
    - path: ../data/final/train/shots.parquet
      hash: md5
      md5: 8d597782ac7ac32696b3617ae58dec9f
      size: 7835869
    - path: stages/evaluate_model.py
      hash: md5
      md5: 6fa32a5e3d69474cb915fecc43512e87
      size: 19512
    params:
      params.yaml:
        evaluate_model:
          model_type: MLPClassifier
    outs:
    - path: results/evaluate_model
      hash: md5
      md5: f9db7411af9a27092f673b8a130e63d1.dir
      size: 168650897
      nfiles: 15
